
Microsoft Visual Studio Solution File, Format Version 12.00
# Visual Studio Version 16
VisualStudioVersion = 16.0.31313.79
MinimumVisualStudioVersion = 10.0.40219.1
Project("{8BC9CEB8-8B4A-11D0-8D11-00A0C91BC942}") = "Classwork_OOP_C++_1", "Classwork_OOP_C++_1\Classwork_OOP_C++_1.vcxproj", "{A05078C4-A878-4CE9-971C-46849AF2AC35}"
EndProject
Project("{8BC9CEB8-8B4A-11D0-8D11-00A0C91BC942}") = "Classwork_OOP_C++_2", "Classwork_OOP_C++_2\Classwork_OOP_C++_2.vcxproj", "{19752251-4E73-47B9-B914-59009BAA27C5}"
EndProject
Project("{8BC9CEB8-8B4A-11D0-8D11-00A0C91BC942}") = "Classwork_OOP_C++_3", "Classwork_OOP_C++_3\Classwork_OOP_C++_3.vcxproj", "{9D3A4BF7-5A7E-43E9-A490-BF0F0476EBDE}"
EndProject
Project("{8BC9CEB8-8B4A-11D0-8D11-00A0C91BC942}") = "Classwork_OOP_C++_4", "Classwork_OOP_C++_4\Classwork_OOP_C++_4.vcxproj", "{6EE11C04-A5AB-4F49-AEC2-6CEB651FAE89}"
EndProject
Project("{8BC9CEB8-8B4A-11D0-8D11-00A0C91BC942}") = "Classwork_OOP_C++_5", "Classwork_OOP_C++_5\Classwork_OOP_C++_5.vcxproj", "{EB94BF63-7A53-456E-9D17-239EF4D3AE2A}"
EndProject
Project("{8BC9CEB8-8B4A-11D0-8D11-00A0C91BC942}") = "Classwork_OOP_C++_6", "Classwork_OOP_C++_6\Classwork_OOP_C++_6.vcxproj", "{F558A954-126D-470C-8FF0-D0439A7C9AA8}"
EndProject
Project("{8BC9CEB8-8B4A-11D0-8D11-00A0C91BC942}") = "Classwork_OOP_C++_7", "Classwork_OOP_C++_7\Classwork_OOP_C++_7.vcxproj", "{233D4F6D-401A-42A7-8866-82CD2DE6F27A}"
EndProject
Project("{8BC9CEB8-8B4A-11D0-8D11-00A0C91BC942}") = "Classwork_OOP_C++_8", "Classwork_OOP_C++_8\Classwork_OOP_C++_8.vcxproj", "{CD4B220A-494F-4283-80E0-8AC2F10EEBCD}"
EndProject
Project("{8BC9CEB8-8B4A-11D0-8D11-00A0C91BC942}") = "Classwork_OOP_C++_9", "Classwork_OOP_C++_9\Classwork_OOP_C++_9.vcxproj", "{08D49EFF-CFE3-4F12-BEB4-349EE4542072}"
EndProject
Project("{8BC9CEB8-8B4A-11D0-8D11-00A0C91BC942}") = "Classwork_OOP_C++_10", "Classwork_OOP_C++_10\Classwork_OOP_C++_10.vcxproj", "{03DF547F-62C0-45EF-9243-D344867D9D3C}"
EndProject
Project("{8BC9CEB8-8B4A-11D0-8D11-00A0C91BC942}") = "Classwork_OOP_C++_11", "Classwork_OOP_C++_11\Classwork_OOP_C++_11.vcxproj", "{D3300F9F-2C18-4C00-B8D0-74CEF6B62029}"
EndProject
Project("{8BC9CEB8-8B4A-11D0-8D11-00A0C91BC942}") = "Classwork_OOP_C++_12", "Classwork_OOP_C++_12\Classwork_OOP_C++_12.vcxproj", "{6B229814-27DC-4E05-96CA-9FC14FC1F79B}"
EndProject
Project("{8BC9CEB8-8B4A-11D0-8D11-00A0C91BC942}") = "Classwork_OOP_C++_13", "Classwork_OOP_C++_13\Classwork_OOP_C++_13.vcxproj", "{A828CCB2-B34E-4CA4-A77A-8DDFF0FA6708}"
EndProject
Project("{8BC9CEB8-8B4A-11D0-8D11-00A0C91BC942}") = "Classwork_OOP_C++_14", "Classwork_OOP_C++_14\Classwork_OOP_C++_14.vcxproj", "{559192E8-C25E-49D9-8C10-05C796CAFF71}"
EndProject
Project("{8BC9CEB8-8B4A-11D0-8D11-00A0C91BC942}") = "Classwork_OOP_C++_15", "Classwork_OOP_C++_15\Classwork_OOP_C++_15.vcxproj", "{5A9E6650-FDDA-4A10-A32D-68DE92491EB7}"
EndProject
Project("{8BC9CEB8-8B4A-11D0-8D11-00A0C91BC942}") = "Classwork_OOP_C++_16", "Classwork_OOP_C++_16\Classwork_OOP_C++_16.vcxproj", "{92D3D423-A456-47E8-8C68-12AEBF9F2AAC}"
EndProject
Project("{8BC9CEB8-8B4A-11D0-8D11-00A0C91BC942}") = "Classwork_OOP_C++_17", "Classwork_OOP_C++_17\Classwork_OOP_C++_17.vcxproj", "{5C06349C-C82F-43C4-9AAC-EFBB3F10AF66}"
EndProject
Project("{8BC9CEB8-8B4A-11D0-8D11-00A0C91BC942}") = "Classwork_OOP_C++_18", "Classwork_OOP_C++_18\Classwork_OOP_C++_18.vcxproj", "{169E1F95-A5E6-410D-8289-246F5158A31F}"
EndProject
Project("{8BC9CEB8-8B4A-11D0-8D11-00A0C91BC942}") = "Classwork_OOP_C++_19", "Classwork_OOP_C++_19\Classwork_OOP_C++_19.vcxproj", "{B5D6F66E-C9D9-4C02-9444-737A01B22C85}"
EndProject
Project("{8BC9CEB8-8B4A-11D0-8D11-00A0C91BC942}") = "Classwork_OOP_C++_20", "Classwork_OOP_C++_20\Classwork_OOP_C++_20.vcxproj", "{5A7FD1E3-E75C-407F-87C9-6AC9BA591244}"
EndProject
Project("{8BC9CEB8-8B4A-11D0-8D11-00A0C91BC942}") = "Classwork_OOP_C++_21", "Classwork_OOP_C++_21\Classwork_OOP_C++_21.vcxproj", "{D1AC64C3-5823-4F7C-A005-B58A8952A628}"
EndProject
Project("{8BC9CEB8-8B4A-11D0-8D11-00A0C91BC942}") = "Classwork_OOP_C++_22", "Classwork_OOP_C++_22\Classwork_OOP_C++_22.vcxproj", "{92A2E720-029A-458E-8548-28D31599E38A}"
EndProject
Project("{8BC9CEB8-8B4A-11D0-8D11-00A0C91BC942}") = "Classwork_OOP_C++_23", "Classwork_OOP_C++_23\Classwork_OOP_C++_23.vcxproj", "{D0917815-837B-4D50-A622-FE9920B1B2E1}"
EndProject
Project("{8BC9CEB8-8B4A-11D0-8D11-00A0C91BC942}") = "Classwork_OOP_C++_24", "Classwork_OOP_C++_24\Classwork_OOP_C++_24.vcxproj", "{5E2D98BA-639D-4A51-B8B0-C48F028D00BD}"
EndProject
Project("{8BC9CEB8-8B4A-11D0-8D11-00A0C91BC942}") = "Classwork_OOP_C++_25", "Classwork_OOP_C++_25\Classwork_OOP_C++_25.vcxproj", "{F5CE4E6E-E82E-4D42-B414-8B080CEC90C0}"
EndProject
Project("{8BC9CEB8-8B4A-11D0-8D11-00A0C91BC942}") = "Classwork_OOP_C++_26", "Classwork_OOP_C++_26\Classwork_OOP_C++_26.vcxproj", "{563BADE0-9593-4E8D-B877-E8D545DEBC6E}"
EndProject
Project("{8BC9CEB8-8B4A-11D0-8D11-00A0C91BC942}") = "Classwork_OOP_C++_27", "Classwork_OOP_C++_27\Classwork_OOP_C++_27.vcxproj", "{30AFDE3C-D7ED-4509-B658-4589A0270B44}"
EndProject
Project("{8BC9CEB8-8B4A-11D0-8D11-00A0C91BC942}") = "Classwork_OOP_C++_28", "Classwork_OOP_C++_28\Classwork_OOP_C++_28.vcxproj", "{57E4D274-EBFB-4F12-9CBB-B6270C1E7D0B}"
EndProject
Global
	GlobalSection(SolutionConfigurationPlatforms) = preSolution
		Debug|x64 = Debug|x64
		Debug|x86 = Debug|x86
		Release|x64 = Release|x64
		Release|x86 = Release|x86
	EndGlobalSection
	GlobalSection(ProjectConfigurationPlatforms) = postSolution
		{A05078C4-A878-4CE9-971C-46849AF2AC35}.Debug|x64.ActiveCfg = Debug|x64
		{A05078C4-A878-4CE9-971C-46849AF2AC35}.Debug|x64.Build.0 = Debug|x64
		{A05078C4-A878-4CE9-971C-46849AF2AC35}.Debug|x86.ActiveCfg = Debug|Win32
		{A05078C4-A878-4CE9-971C-46849AF2AC35}.Debug|x86.Build.0 = Debug|Win32
		{A05078C4-A878-4CE9-971C-46849AF2AC35}.Release|x64.ActiveCfg = Release|x64
		{A05078C4-A878-4CE9-971C-46849AF2AC35}.Release|x64.Build.0 = Release|x64
		{A05078C4-A878-4CE9-971C-46849AF2AC35}.Release|x86.ActiveCfg = Release|Win32
		{A05078C4-A878-4CE9-971C-46849AF2AC35}.Release|x86.Build.0 = Release|Win32
		{19752251-4E73-47B9-B914-59009BAA27C5}.Debug|x64.ActiveCfg = Debug|x64
		{19752251-4E73-47B9-B914-59009BAA27C5}.Debug|x64.Build.0 = Debug|x64
		{19752251-4E73-47B9-B914-59009BAA27C5}.Debug|x86.ActiveCfg = Debug|Win32
		{19752251-4E73-47B9-B914-59009BAA27C5}.Debug|x86.Build.0 = Debug|Win32
		{19752251-4E73-47B9-B914-59009BAA27C5}.Release|x64.ActiveCfg = Release|x64
		{19752251-4E73-47B9-B914-59009BAA27C5}.Release|x64.Build.0 = Release|x64
		{19752251-4E73-47B9-B914-59009BAA27C5}.Release|x86.ActiveCfg = Release|Win32
		{19752251-4E73-47B9-B914-59009BAA27C5}.Release|x86.Build.0 = Release|Win32
		{9D3A4BF7-5A7E-43E9-A490-BF0F0476EBDE}.Debug|x64.ActiveCfg = Debug|x64
		{9D3A4BF7-5A7E-43E9-A490-BF0F0476EBDE}.Debug|x64.Build.0 = Debug|x64
		{9D3A4BF7-5A7E-43E9-A490-BF0F0476EBDE}.Debug|x86.ActiveCfg = Debug|Win32
		{9D3A4BF7-5A7E-43E9-A490-BF0F0476EBDE}.Debug|x86.Build.0 = Debug|Win32
		{9D3A4BF7-5A7E-43E9-A490-BF0F0476EBDE}.Release|x64.ActiveCfg = Release|x64
		{9D3A4BF7-5A7E-43E9-A490-BF0F0476EBDE}.Release|x64.Build.0 = Release|x64
		{9D3A4BF7-5A7E-43E9-A490-BF0F0476EBDE}.Release|x86.ActiveCfg = Release|Win32
		{9D3A4BF7-5A7E-43E9-A490-BF0F0476EBDE}.Release|x86.Build.0 = Release|Win32
		{6EE11C04-A5AB-4F49-AEC2-6CEB651FAE89}.Debug|x64.ActiveCfg = Debug|x64
		{6EE11C04-A5AB-4F49-AEC2-6CEB651FAE89}.Debug|x64.Build.0 = Debug|x64
		{6EE11C04-A5AB-4F49-AEC2-6CEB651FAE89}.Debug|x86.ActiveCfg = Debug|Win32
		{6EE11C04-A5AB-4F49-AEC2-6CEB651FAE89}.Debug|x86.Build.0 = Debug|Win32
		{6EE11C04-A5AB-4F49-AEC2-6CEB651FAE89}.Release|x64.ActiveCfg = Release|x64
		{6EE11C04-A5AB-4F49-AEC2-6CEB651FAE89}.Release|x64.Build.0 = Release|x64
		{6EE11C04-A5AB-4F49-AEC2-6CEB651FAE89}.Release|x86.ActiveCfg = Release|Win32
		{6EE11C04-A5AB-4F49-AEC2-6CEB651FAE89}.Release|x86.Build.0 = Release|Win32
		{EB94BF63-7A53-456E-9D17-239EF4D3AE2A}.Debug|x64.ActiveCfg = Debug|x64
		{EB94BF63-7A53-456E-9D17-239EF4D3AE2A}.Debug|x64.Build.0 = Debug|x64
		{EB94BF63-7A53-456E-9D17-239EF4D3AE2A}.Debug|x86.ActiveCfg = Debug|Win32
		{EB94BF63-7A53-456E-9D17-239EF4D3AE2A}.Debug|x86.Build.0 = Debug|Win32
		{EB94BF63-7A53-456E-9D17-239EF4D3AE2A}.Release|x64.ActiveCfg = Release|x64
		{EB94BF63-7A53-456E-9D17-239EF4D3AE2A}.Release|x64.Build.0 = Release|x64
		{EB94BF63-7A53-456E-9D17-239EF4D3AE2A}.Release|x86.ActiveCfg = Release|Win32
		{EB94BF63-7A53-456E-9D17-239EF4D3AE2A}.Release|x86.Build.0 = Release|Win32
		{F558A954-126D-470C-8FF0-D0439A7C9AA8}.Debug|x64.ActiveCfg = Debug|x64
		{F558A954-126D-470C-8FF0-D0439A7C9AA8}.Debug|x64.Build.0 = Debug|x64
		{F558A954-126D-470C-8FF0-D0439A7C9AA8}.Debug|x86.ActiveCfg = Debug|Win32
		{F558A954-126D-470C-8FF0-D0439A7C9AA8}.Debug|x86.Build.0 = Debug|Win32
		{F558A954-126D-470C-8FF0-D0439A7C9AA8}.Release|x64.ActiveCfg = Release|x64
		{F558A954-126D-470C-8FF0-D0439A7C9AA8}.Release|x64.Build.0 = Release|x64
		{F558A954-126D-470C-8FF0-D0439A7C9AA8}.Release|x86.ActiveCfg = Release|Win32
		{F558A954-126D-470C-8FF0-D0439A7C9AA8}.Release|x86.Build.0 = Release|Win32
		{233D4F6D-401A-42A7-8866-82CD2DE6F27A}.Debug|x64.ActiveCfg = Debug|x64
		{233D4F6D-401A-42A7-8866-82CD2DE6F27A}.Debug|x64.Build.0 = Debug|x64
		{233D4F6D-401A-42A7-8866-82CD2DE6F27A}.Debug|x86.ActiveCfg = Debug|Win32
		{233D4F6D-401A-42A7-8866-82CD2DE6F27A}.Debug|x86.Build.0 = Debug|Win32
		{233D4F6D-401A-42A7-8866-82CD2DE6F27A}.Release|x64.ActiveCfg = Release|x64
		{233D4F6D-401A-42A7-8866-82CD2DE6F27A}.Release|x64.Build.0 = Release|x64
		{233D4F6D-401A-42A7-8866-82CD2DE6F27A}.Release|x86.ActiveCfg = Release|Win32
		{233D4F6D-401A-42A7-8866-82CD2DE6F27A}.Release|x86.Build.0 = Release|Win32
		{CD4B220A-494F-4283-80E0-8AC2F10EEBCD}.Debug|x64.ActiveCfg = Debug|x64
		{CD4B220A-494F-4283-80E0-8AC2F10EEBCD}.Debug|x64.Build.0 = Debug|x64
		{CD4B220A-494F-4283-80E0-8AC2F10EEBCD}.Debug|x86.ActiveCfg = Debug|Win32
		{CD4B220A-494F-4283-80E0-8AC2F10EEBCD}.Debug|x86.Build.0 = Debug|Win32
		{CD4B220A-494F-4283-80E0-8AC2F10EEBCD}.Release|x64.ActiveCfg = Release|x64
		{CD4B220A-494F-4283-80E0-8AC2F10EEBCD}.Release|x64.Build.0 = Release|x64
		{CD4B220A-494F-4283-80E0-8AC2F10EEBCD}.Release|x86.ActiveCfg = Release|Win32
		{CD4B220A-494F-4283-80E0-8AC2F10EEBCD}.Release|x86.Build.0 = Release|Win32
		{08D49EFF-CFE3-4F12-BEB4-349EE4542072}.Debug|x64.ActiveCfg = Debug|x64
		{08D49EFF-CFE3-4F12-BEB4-349EE4542072}.Debug|x64.Build.0 = Debug|x64
		{08D49EFF-CFE3-4F12-BEB4-349EE4542072}.Debug|x86.ActiveCfg = Debug|Win32
		{08D49EFF-CFE3-4F12-BEB4-349EE4542072}.Debug|x86.Build.0 = Debug|Win32
		{08D49EFF-CFE3-4F12-BEB4-349EE4542072}.Release|x64.ActiveCfg = Release|x64
		{08D49EFF-CFE3-4F12-BEB4-349EE4542072}.Release|x64.Build.0 = Release|x64
		{08D49EFF-CFE3-4F12-BEB4-349EE4542072}.Release|x86.ActiveCfg = Release|Win32
		{08D49EFF-CFE3-4F12-BEB4-349EE4542072}.Release|x86.Build.0 = Release|Win32
		{03DF547F-62C0-45EF-9243-D344867D9D3C}.Debug|x64.ActiveCfg = Debug|x64
		{03DF547F-62C0-45EF-9243-D344867D9D3C}.Debug|x64.Build.0 = Debug|x64
		{03DF547F-62C0-45EF-9243-D344867D9D3C}.Debug|x86.ActiveCfg = Debug|Win32
		{03DF547F-62C0-45EF-9243-D344867D9D3C}.Debug|x86.Build.0 = Debug|Win32
		{03DF547F-62C0-45EF-9243-D344867D9D3C}.Release|x64.ActiveCfg = Release|x64
		{03DF547F-62C0-45EF-9243-D344867D9D3C}.Release|x64.Build.0 = Release|x64
		{03DF547F-62C0-45EF-9243-D344867D9D3C}.Release|x86.ActiveCfg = Release|Win32
		{03DF547F-62C0-45EF-9243-D344867D9D3C}.Release|x86.Build.0 = Release|Win32
		{D3300F9F-2C18-4C00-B8D0-74CEF6B62029}.Debug|x64.ActiveCfg = Debug|x64
		{D3300F9F-2C18-4C00-B8D0-74CEF6B62029}.Debug|x64.Build.0 = Debug|x64
		{D3300F9F-2C18-4C00-B8D0-74CEF6B62029}.Debug|x86.ActiveCfg = Debug|Win32
		{D3300F9F-2C18-4C00-B8D0-74CEF6B62029}.Debug|x86.Build.0 = Debug|Win32
		{D3300F9F-2C18-4C00-B8D0-74CEF6B62029}.Release|x64.ActiveCfg = Release|x64
		{D3300F9F-2C18-4C00-B8D0-74CEF6B62029}.Release|x64.Build.0 = Release|x64
		{D3300F9F-2C18-4C00-B8D0-74CEF6B62029}.Release|x86.ActiveCfg = Release|Win32
		{D3300F9F-2C18-4C00-B8D0-74CEF6B62029}.Release|x86.Build.0 = Release|Win32
		{6B229814-27DC-4E05-96CA-9FC14FC1F79B}.Debug|x64.ActiveCfg = Debug|x64
		{6B229814-27DC-4E05-96CA-9FC14FC1F79B}.Debug|x64.Build.0 = Debug|x64
		{6B229814-27DC-4E05-96CA-9FC14FC1F79B}.Debug|x86.ActiveCfg = Debug|Win32
		{6B229814-27DC-4E05-96CA-9FC14FC1F79B}.Debug|x86.Build.0 = Debug|Win32
		{6B229814-27DC-4E05-96CA-9FC14FC1F79B}.Release|x64.ActiveCfg = Release|x64
		{6B229814-27DC-4E05-96CA-9FC14FC1F79B}.Release|x64.Build.0 = Release|x64
		{6B229814-27DC-4E05-96CA-9FC14FC1F79B}.Release|x86.ActiveCfg = Release|Win32
		{6B229814-27DC-4E05-96CA-9FC14FC1F79B}.Release|x86.Build.0 = Release|Win32
		{A828CCB2-B34E-4CA4-A77A-8DDFF0FA6708}.Debug|x64.ActiveCfg = Debug|x64
		{A828CCB2-B34E-4CA4-A77A-8DDFF0FA6708}.Debug|x64.Build.0 = Debug|x64
		{A828CCB2-B34E-4CA4-A77A-8DDFF0FA6708}.Debug|x86.ActiveCfg = Debug|Win32
		{A828CCB2-B34E-4CA4-A77A-8DDFF0FA6708}.Debug|x86.Build.0 = Debug|Win32
		{A828CCB2-B34E-4CA4-A77A-8DDFF0FA6708}.Release|x64.ActiveCfg = Release|x64
		{A828CCB2-B34E-4CA4-A77A-8DDFF0FA6708}.Release|x64.Build.0 = Release|x64
		{A828CCB2-B34E-4CA4-A77A-8DDFF0FA6708}.Release|x86.ActiveCfg = Release|Win32
		{A828CCB2-B34E-4CA4-A77A-8DDFF0FA6708}.Release|x86.Build.0 = Release|Win32
		{559192E8-C25E-49D9-8C10-05C796CAFF71}.Debug|x64.ActiveCfg = Debug|x64
		{559192E8-C25E-49D9-8C10-05C796CAFF71}.Debug|x64.Build.0 = Debug|x64
		{559192E8-C25E-49D9-8C10-05C796CAFF71}.Debug|x86.ActiveCfg = Debug|Win32
		{559192E8-C25E-49D9-8C10-05C796CAFF71}.Debug|x86.Build.0 = Debug|Win32
		{559192E8-C25E-49D9-8C10-05C796CAFF71}.Release|x64.ActiveCfg = Release|x64
		{559192E8-C25E-49D9-8C10-05C796CAFF71}.Release|x64.Build.0 = Release|x64
		{559192E8-C25E-49D9-8C10-05C796CAFF71}.Release|x86.ActiveCfg = Release|Win32
		{559192E8-C25E-49D9-8C10-05C796CAFF71}.Release|x86.Build.0 = Release|Win32
		{5A9E6650-FDDA-4A10-A32D-68DE92491EB7}.Debug|x64.ActiveCfg = Debug|x64
		{5A9E6650-FDDA-4A10-A32D-68DE92491EB7}.Debug|x64.Build.0 = Debug|x64
		{5A9E6650-FDDA-4A10-A32D-68DE92491EB7}.Debug|x86.ActiveCfg = Debug|Win32
		{5A9E6650-FDDA-4A10-A32D-68DE92491EB7}.Debug|x86.Build.0 = Debug|Win32
		{5A9E6650-FDDA-4A10-A32D-68DE92491EB7}.Release|x64.ActiveCfg = Release|x64
		{5A9E6650-FDDA-4A10-A32D-68DE92491EB7}.Release|x64.Build.0 = Release|x64
		{5A9E6650-FDDA-4A10-A32D-68DE92491EB7}.Release|x86.ActiveCfg = Release|Win32
		{5A9E6650-FDDA-4A10-A32D-68DE92491EB7}.Release|x86.Build.0 = Release|Win32
		{92D3D423-A456-47E8-8C68-12AEBF9F2AAC}.Debug|x64.ActiveCfg = Debug|x64
		{92D3D423-A456-47E8-8C68-12AEBF9F2AAC}.Debug|x64.Build.0 = Debug|x64
		{92D3D423-A456-47E8-8C68-12AEBF9F2AAC}.Debug|x86.ActiveCfg = Debug|Win32
		{92D3D423-A456-47E8-8C68-12AEBF9F2AAC}.Debug|x86.Build.0 = Debug|Win32
		{92D3D423-A456-47E8-8C68-12AEBF9F2AAC}.Release|x64.ActiveCfg = Release|x64
		{92D3D423-A456-47E8-8C68-12AEBF9F2AAC}.Release|x64.Build.0 = Release|x64
		{92D3D423-A456-47E8-8C68-12AEBF9F2AAC}.Release|x86.ActiveCfg = Release|Win32
		{92D3D423-A456-47E8-8C68-12AEBF9F2AAC}.Release|x86.Build.0 = Release|Win32
		{5C06349C-C82F-43C4-9AAC-EFBB3F10AF66}.Debug|x64.ActiveCfg = Debug|x64
		{5C06349C-C82F-43C4-9AAC-EFBB3F10AF66}.Debug|x64.Build.0 = Debug|x64
		{5C06349C-C82F-43C4-9AAC-EFBB3F10AF66}.Debug|x86.ActiveCfg = Debug|Win32
		{5C06349C-C82F-43C4-9AAC-EFBB3F10AF66}.Debug|x86.Build.0 = Debug|Win32
		{5C06349C-C82F-43C4-9AAC-EFBB3F10AF66}.Release|x64.ActiveCfg = Release|x64
		{5C06349C-C82F-43C4-9AAC-EFBB3F10AF66}.Release|x64.Build.0 = Release|x64
		{5C06349C-C82F-43C4-9AAC-EFBB3F10AF66}.Release|x86.ActiveCfg = Release|Win32
		{5C06349C-C82F-43C4-9AAC-EFBB3F10AF66}.Release|x86.Build.0 = Release|Win32
		{169E1F95-A5E6-410D-8289-246F5158A31F}.Debug|x64.ActiveCfg = Debug|x64
		{169E1F95-A5E6-410D-8289-246F5158A31F}.Debug|x64.Build.0 = Debug|x64
		{169E1F95-A5E6-410D-8289-246F5158A31F}.Debug|x86.ActiveCfg = Debug|Win32
		{169E1F95-A5E6-410D-8289-246F5158A31F}.Debug|x86.Build.0 = Debug|Win32
		{169E1F95-A5E6-410D-8289-246F5158A31F}.Release|x64.ActiveCfg = Release|x64
		{169E1F95-A5E6-410D-8289-246F5158A31F}.Release|x64.Build.0 = Release|x64
		{169E1F95-A5E6-410D-8289-246F5158A31F}.Release|x86.ActiveCfg = Release|Win32
		{169E1F95-A5E6-410D-8289-246F5158A31F}.Release|x86.Build.0 = Release|Win32
		{B5D6F66E-C9D9-4C02-9444-737A01B22C85}.Debug|x64.ActiveCfg = Debug|x64
		{B5D6F66E-C9D9-4C02-9444-737A01B22C85}.Debug|x64.Build.0 = Debug|x64
		{B5D6F66E-C9D9-4C02-9444-737A01B22C85}.Debug|x86.ActiveCfg = Debug|Win32
		{B5D6F66E-C9D9-4C02-9444-737A01B22C85}.Debug|x86.Build.0 = Debug|Win32
		{B5D6F66E-C9D9-4C02-9444-737A01B22C85}.Release|x64.ActiveCfg = Release|x64
		{B5D6F66E-C9D9-4C02-9444-737A01B22C85}.Release|x64.Build.0 = Release|x64
		{B5D6F66E-C9D9-4C02-9444-737A01B22C85}.Release|x86.ActiveCfg = Release|Win32
		{B5D6F66E-C9D9-4C02-9444-737A01B22C85}.Release|x86.Build.0 = Release|Win32
		{5A7FD1E3-E75C-407F-87C9-6AC9BA591244}.Debug|x64.ActiveCfg = Debug|x64
		{5A7FD1E3-E75C-407F-87C9-6AC9BA591244}.Debug|x64.Build.0 = Debug|x64
		{5A7FD1E3-E75C-407F-87C9-6AC9BA591244}.Debug|x86.ActiveCfg = Debug|Win32
		{5A7FD1E3-E75C-407F-87C9-6AC9BA591244}.Debug|x86.Build.0 = Debug|Win32
		{5A7FD1E3-E75C-407F-87C9-6AC9BA591244}.Release|x64.ActiveCfg = Release|x64
		{5A7FD1E3-E75C-407F-87C9-6AC9BA591244}.Release|x64.Build.0 = Release|x64
		{5A7FD1E3-E75C-407F-87C9-6AC9BA591244}.Release|x86.ActiveCfg = Release|Win32
		{5A7FD1E3-E75C-407F-87C9-6AC9BA591244}.Release|x86.Build.0 = Release|Win32
		{D1AC64C3-5823-4F7C-A005-B58A8952A628}.Debug|x64.ActiveCfg = Debug|x64
		{D1AC64C3-5823-4F7C-A005-B58A8952A628}.Debug|x64.Build.0 = Debug|x64
		{D1AC64C3-5823-4F7C-A005-B58A8952A628}.Debug|x86.ActiveCfg = Debug|Win32
		{D1AC64C3-5823-4F7C-A005-B58A8952A628}.Debug|x86.Build.0 = Debug|Win32
		{D1AC64C3-5823-4F7C-A005-B58A8952A628}.Release|x64.ActiveCfg = Release|x64
		{D1AC64C3-5823-4F7C-A005-B58A8952A628}.Release|x64.Build.0 = Release|x64
		{D1AC64C3-5823-4F7C-A005-B58A8952A628}.Release|x86.ActiveCfg = Release|Win32
		{D1AC64C3-5823-4F7C-A005-B58A8952A628}.Release|x86.Build.0 = Release|Win32
		{92A2E720-029A-458E-8548-28D31599E38A}.Debug|x64.ActiveCfg = Debug|x64
		{92A2E720-029A-458E-8548-28D31599E38A}.Debug|x64.Build.0 = Debug|x64
		{92A2E720-029A-458E-8548-28D31599E38A}.Debug|x86.ActiveCfg = Debug|Win32
		{92A2E720-029A-458E-8548-28D31599E38A}.Debug|x86.Build.0 = Debug|Win32
		{92A2E720-029A-458E-8548-28D31599E38A}.Release|x64.ActiveCfg = Release|x64
		{92A2E720-029A-458E-8548-28D31599E38A}.Release|x64.Build.0 = Release|x64
		{92A2E720-029A-458E-8548-28D31599E38A}.Release|x86.ActiveCfg = Release|Win32
		{92A2E720-029A-458E-8548-28D31599E38A}.Release|x86.Build.0 = Release|Win32
		{D0917815-837B-4D50-A622-FE9920B1B2E1}.Debug|x64.ActiveCfg = Debug|x64
		{D0917815-837B-4D50-A622-FE9920B1B2E1}.Debug|x64.Build.0 = Debug|x64
		{D0917815-837B-4D50-A622-FE9920B1B2E1}.Debug|x86.ActiveCfg = Debug|Win32
		{D0917815-837B-4D50-A622-FE9920B1B2E1}.Debug|x86.Build.0 = Debug|Win32
		{D0917815-837B-4D50-A622-FE9920B1B2E1}.Release|x64.ActiveCfg = Release|x64
		{D0917815-837B-4D50-A622-FE9920B1B2E1}.Release|x64.Build.0 = Release|x64
		{D0917815-837B-4D50-A622-FE9920B1B2E1}.Release|x86.ActiveCfg = Release|Win32
		{D0917815-837B-4D50-A622-FE9920B1B2E1}.Release|x86.Build.0 = Release|Win32
		{5E2D98BA-639D-4A51-B8B0-C48F028D00BD}.Debug|x64.ActiveCfg = Debug|x64
		{5E2D98BA-639D-4A51-B8B0-C48F028D00BD}.Debug|x64.Build.0 = Debug|x64
		{5E2D98BA-639D-4A51-B8B0-C48F028D00BD}.Debug|x86.ActiveCfg = Debug|Win32
		{5E2D98BA-639D-4A51-B8B0-C48F028D00BD}.Debug|x86.Build.0 = Debug|Win32
		{5E2D98BA-639D-4A51-B8B0-C48F028D00BD}.Release|x64.ActiveCfg = Release|x64
		{5E2D98BA-639D-4A51-B8B0-C48F028D00BD}.Release|x64.Build.0 = Release|x64
		{5E2D98BA-639D-4A51-B8B0-C48F028D00BD}.Release|x86.ActiveCfg = Release|Win32
		{5E2D98BA-639D-4A51-B8B0-C48F028D00BD}.Release|x86.Build.0 = Release|Win32
		{F5CE4E6E-E82E-4D42-B414-8B080CEC90C0}.Debug|x64.ActiveCfg = Debug|x64
		{F5CE4E6E-E82E-4D42-B414-8B080CEC90C0}.Debug|x64.Build.0 = Debug|x64
		{F5CE4E6E-E82E-4D42-B414-8B080CEC90C0}.Debug|x86.ActiveCfg = Debug|Win32
		{F5CE4E6E-E82E-4D42-B414-8B080CEC90C0}.Debug|x86.Build.0 = Debug|Win32
		{F5CE4E6E-E82E-4D42-B414-8B080CEC90C0}.Release|x64.ActiveCfg = Release|x64
		{F5CE4E6E-E82E-4D42-B414-8B080CEC90C0}.Release|x64.Build.0 = Release|x64
		{F5CE4E6E-E82E-4D42-B414-8B080CEC90C0}.Release|x86.ActiveCfg = Release|Win32
		{F5CE4E6E-E82E-4D42-B414-8B080CEC90C0}.Release|x86.Build.0 = Release|Win32
		{563BADE0-9593-4E8D-B877-E8D545DEBC6E}.Debug|x64.ActiveCfg = Debug|x64
		{563BADE0-9593-4E8D-B877-E8D545DEBC6E}.Debug|x64.Build.0 = Debug|x64
		{563BADE0-9593-4E8D-B877-E8D545DEBC6E}.Debug|x86.ActiveCfg = Debug|Win32
		{563BADE0-9593-4E8D-B877-E8D545DEBC6E}.Debug|x86.Build.0 = Debug|Win32
		{563BADE0-9593-4E8D-B877-E8D545DEBC6E}.Release|x64.ActiveCfg = Release|x64
		{563BADE0-9593-4E8D-B877-E8D545DEBC6E}.Release|x64.Build.0 = Release|x64
		{563BADE0-9593-4E8D-B877-E8D545DEBC6E}.Release|x86.ActiveCfg = Release|Win32
		{563BADE0-9593-4E8D-B877-E8D545DEBC6E}.Release|x86.Build.0 = Release|Win32
		{30AFDE3C-D7ED-4509-B658-4589A0270B44}.Debug|x64.ActiveCfg = Debug|x64
		{30AFDE3C-D7ED-4509-B658-4589A0270B44}.Debug|x64.Build.0 = Debug|x64
		{30AFDE3C-D7ED-4509-B658-4589A0270B44}.Debug|x86.ActiveCfg = Debug|Win32
		{30AFDE3C-D7ED-4509-B658-4589A0270B44}.Debug|x86.Build.0 = Debug|Win32
		{30AFDE3C-D7ED-4509-B658-4589A0270B44}.Release|x64.ActiveCfg = Release|x64
		{30AFDE3C-D7ED-4509-B658-4589A0270B44}.Release|x64.Build.0 = Release|x64
		{30AFDE3C-D7ED-4509-B658-4589A0270B44}.Release|x86.ActiveCfg = Release|Win32
		{30AFDE3C-D7ED-4509-B658-4589A0270B44}.Release|x86.Build.0 = Release|Win32
		{57E4D274-EBFB-4F12-9CBB-B6270C1E7D0B}.Debug|x64.ActiveCfg = Debug|x64
		{57E4D274-EBFB-4F12-9CBB-B6270C1E7D0B}.Debug|x64.Build.0 = Debug|x64
		{57E4D274-EBFB-4F12-9CBB-B6270C1E7D0B}.Debug|x86.ActiveCfg = Debug|Win32
		{57E4D274-EBFB-4F12-9CBB-B6270C1E7D0B}.Debug|x86.Build.0 = Debug|Win32
		{57E4D274-EBFB-4F12-9CBB-B6270C1E7D0B}.Release|x64.ActiveCfg = Release|x64
		{57E4D274-EBFB-4F12-9CBB-B6270C1E7D0B}.Release|x64.Build.0 = Release|x64
		{57E4D274-EBFB-4F12-9CBB-B6270C1E7D0B}.Release|x86.ActiveCfg = Release|Win32
		{57E4D274-EBFB-4F12-9CBB-B6270C1E7D0B}.Release|x86.Build.0 = Release|Win32
	EndGlobalSection
	GlobalSection(SolutionProperties) = preSolution
		HideSolutionNode = FALSE
	EndGlobalSection
	GlobalSection(ExtensibilityGlobals) = postSolution
		SolutionGuid = {021DCC69-6DF8-4079-8ADF-670855B3E08D}
	EndGlobalSection
EndGlobal
